
Microsoft Visual Studio Solution File, Format Version 12.00
# Visual Studio Version 16
VisualStudioVersion = 16.0.29911.84
MinimumVisualStudioVersion = 10.0.40219.1
Project("{9A19103F-16F7-4668-BE54-9A1E7A4F7556}") = "ApiCatalogo", "ApiCatalogo\ApiCatalogo.csproj", "{C2F5A72A-9E4A-4B18-B4FB-A228479D76DD}"
EndProject
Project("{FAE04EC0-301F-11D3-BF4B-00C04F79EFBC}") = "ApiCatalogoxUnitTests", "ApiCatalogoxUnitTests\ApiCatalogoxUnitTests.csproj", "{96866AFB-C9BB-4AA5-950F-F13603E59D21}"
EndProject
Global
	GlobalSection(SolutionConfigurationPlatforms) = preSolution
		Debug|Any CPU = Debug|Any CPU
		Release|Any CPU = Release|Any CPU
	EndGlobalSection
	GlobalSection(ProjectConfigurationPlatforms) = postSolution
		{C2F5A72A-9E4A-4B18-B4FB-A228479D76DD}.Debug|Any CPU.ActiveCfg = Debug|Any CPU
		{C2F5A72A-9E4A-4B18-B4FB-A228479D76DD}.Debug|Any CPU.Build.0 = Debug|Any CPU
		{C2F5A72A-9E4A-4B18-B4FB-A228479D76DD}.Release|Any CPU.ActiveCfg = Release|Any CPU
		{C2F5A72A-9E4A-4B18-B4FB-A228479D76DD}.Release|Any CPU.Build.0 = Release|Any CPU
		{96866AFB-C9BB-4AA5-950F-F13603E59D21}.Debug|Any CPU.ActiveCfg = Debug|Any CPU
		{96866AFB-C9BB-4AA5-950F-F13603E59D21}.Debug|Any CPU.Build.0 = Debug|Any CPU
		{96866AFB-C9BB-4AA5-950F-F13603E59D21}.Release|Any CPU.ActiveCfg = Release|Any CPU
		{96866AFB-C9BB-4AA5-950F-F13603E59D21}.Release|Any CPU.Build.0 = Release|Any CPU
	EndGlobalSection
	GlobalSection(SolutionProperties) = preSolution
		HideSolutionNode = FALSE
	EndGlobalSection
	GlobalSection(ExtensibilityGlobals) = postSolution
		SolutionGuid = {AC5E4719-1D99-41DE-9024-F06FEAFFD448}
	EndGlobalSection
EndGlobal
